
Microsoft Visual Studio Solution File, Format Version 12.00
# Visual Studio Version 16
VisualStudioVersion = 16.0.33423.256
MinimumVisualStudioVersion = 10.0.40219.1
Project("{FAE04EC0-301F-11D3-BF4B-00C04F79EFBC}") = "Google translate desktop", "Google translate desktop.csproj", "{F22B9BF8-642B-4934-BD62-09386D687136}"
EndProject
Global
	GlobalSection(SolutionConfigurationPlatforms) = preSolution
		Debug|Any CPU = Debug|Any CPU
		Release|Any CPU = Release|Any CPU
	EndGlobalSection
	GlobalSection(ProjectConfigurationPlatforms) = postSolution
		{F22B9BF8-642B-4934-BD62-09386D687136}.Debug|Any CPU.ActiveCfg = Debug|Any CPU
		{F22B9BF8-642B-4934-BD62-09386D687136}.Debug|Any CPU.Build.0 = Debug|Any CPU
		{F22B9BF8-642B-4934-BD62-09386D687136}.Release|Any CPU.ActiveCfg = Release|Any CPU
		{F22B9BF8-642B-4934-BD62-09386D687136}.Release|Any CPU.Build.0 = Release|Any CPU
	EndGlobalSection
	GlobalSection(SolutionProperties) = preSolution
		HideSolutionNode = FALSE
	EndGlobalSection
	GlobalSection(ExtensibilityGlobals) = postSolution
		SolutionGuid = {F27BD81D-1FC3-4300-BA34-39431B3339AE}
	EndGlobalSection
EndGlobal
